// !$*UTF8*$!
{
	archiveVersion = 1;
	classes = {
	};
	objectVersion = 46;
	objects = {

/* Begin PBXBuildFile section */
		996D876B19F508830049E9B3 /* AppDelegate.swift in Sources */ = {isa = PBXBuildFile; fileRef = 996D876A19F508830049E9B3 /* AppDelegate.swift */; };
		996D876D19F508830049E9B3 /* ViewController.swift in Sources */ = {isa = PBXBuildFile; fileRef = 996D876C19F508830049E9B3 /* ViewController.swift */; };
		996D877019F508830049E9B3 /* Main.storyboard in Resources */ = {isa = PBXBuildFile; fileRef = 996D876E19F508830049E9B3 /* Main.storyboard */; };
		996D877219F508830049E9B3 /* Images.xcassets in Resources */ = {isa = PBXBuildFile; fileRef = 996D877119F508830049E9B3 /* Images.xcassets */; };
		996D877519F508830049E9B3 /* LaunchScreen.xib in Resources */ = {isa = PBXBuildFile; fileRef = 996D877319F508830049E9B3 /* LaunchScreen.xib */; };
		996D878119F508830049E9B3 /* SwiftCameraTests.swift in Sources */ = {isa = PBXBuildFile; fileRef = 996D878019F508830049E9B3 /* SwiftCameraTests.swift */; };
		996D879219F508DE0049E9B3 /* README.md in Sources */ = {isa = PBXBuildFile; fileRef = 996D879019F508DE0049E9B3 /* README.md */; };
/* End PBXBuildFile section */

/* Begin PBXContainerItemProxy section */
		996D877B19F508830049E9B3 /* PBXContainerItemProxy */ = {
			isa = PBXContainerItemProxy;
			containerPortal = 996D875D19F508830049E9B3 /* Project object */;
			proxyType = 1;
			remoteGlobalIDString = 996D876419F508830049E9B3;
			remoteInfo = SwiftCamera;
		};
/* End PBXContainerItemProxy section */

/* Begin PBXFileReference section */
		996D876519F508830049E9B3 /* SwiftCamera.app */ = {isa = PBXFileReference; explicitFileType = wrapper.application; includeInIndex = 0; path = SwiftCamera.app; sourceTree = BUILT_PRODUCTS_DIR; };
		996D876919F508830049E9B3 /* Info.plist */ = {isa = PBXFileReference; lastKnownFileType = text.plist.xml; path = Info.plist; sourceTree = "<group>"; };
		996D876A19F508830049E9B3 /* AppDelegate.swift */ = {isa = PBXFileReference; lastKnownFileType = sourcecode.swift; path = AppDelegate.swift; sourceTree = "<group>"; };
		996D876C19F508830049E9B3 /* ViewController.swift */ = {isa = PBXFileReference; lastKnownFileType = sourcecode.swift; path = ViewController.swift; sourceTree = "<group>"; };
		996D876F19F508830049E9B3 /* Base */ = {isa = PBXFileReference; lastKnownFileType = file.storyboard; name = Base; path = Base.lproj/Main.storyboard; sourceTree = "<group>"; };
		996D877119F508830049E9B3 /* Images.xcassets */ = {isa = PBXFileReference; lastKnownFileType = folder.assetcatalog; path = Images.xcassets; sourceTree = "<group>"; };
		996D877419F508830049E9B3 /* Base */ = {isa = PBXFileReference; lastKnownFileType = file.xib; name = Base; path = Base.lproj/LaunchScreen.xib; sourceTree = "<group>"; };
		996D877A19F508830049E9B3 /* SwiftCameraTests.xctest */ = {isa = PBXFileReference; explicitFileType = wrapper.cfbundle; includeInIndex = 0; path = SwiftCameraTests.xctest; sourceTree = BUILT_PRODUCTS_DIR; };
		996D877F19F508830049E9B3 /* Info.plist */ = {isa = PBXFileReference; lastKnownFileType = text.plist.xml; path = Info.plist; sourceTree = "<group>"; };
		996D878019F508830049E9B3 /* SwiftCameraTests.swift */ = {isa = PBXFileReference; lastKnownFileType = sourcecode.swift; path = SwiftCameraTests.swift; sourceTree = "<group>"; };
		996D879019F508DE0049E9B3 /* README.md */ = {isa = PBXFileReference; fileEncoding = 4; lastKnownFileType = net.daringfireball.markdown; path = README.md; sourceTree = "<group>"; };
		996D879719F509A00049E9B3 /* MyPlayground.playground */ = {isa = PBXFileReference; lastKnownFileType = file.playground; path = MyPlayground.playground; sourceTree = "<group>"; };
/* End PBXFileReference section */

/* Begin PBXFrameworksBuildPhase section */
		996D876219F508830049E9B3 /* Frameworks */ = {
			isa = PBXFrameworksBuildPhase;
			buildActionMask = 2147483647;
			files = (
			);
			runOnlyForDeploymentPostprocessing = 0;
		};
		996D877719F508830049E9B3 /* Frameworks */ = {
			isa = PBXFrameworksBuildPhase;
			buildActionMask = 2147483647;
			files = (
			);
			runOnlyForDeploymentPostprocessing = 0;
		};
/* End PBXFrameworksBuildPhase section */

/* Begin PBXGroup section */
		996D875C19F508830049E9B3 = {
			isa = PBXGroup;
			children = (
				996D879019F508DE0049E9B3 /* README.md */,
				996D876719F508830049E9B3 /* SwiftCamera */,
				996D877D19F508830049E9B3 /* SwiftCameraTests */,
				996D879419F508EF0049E9B3 /* PlayGround */,
				996D876619F508830049E9B3 /* Products */,
			);
			sourceTree = "<group>";
		};
		996D876619F508830049E9B3 /* Products */ = {
			isa = PBXGroup;
			children = (
				996D876519F508830049E9B3 /* SwiftCamera.app */,
				996D877A19F508830049E9B3 /* SwiftCameraTests.xctest */,
			);
			name = Products;
			sourceTree = "<group>";
		};
		996D876719F508830049E9B3 /* SwiftCamera */ = {
			isa = PBXGroup;
			children = (
				996D876A19F508830049E9B3 /* AppDelegate.swift */,
				996D878A19F5088A0049E9B3 /* Controller */,
				996D878B19F508950049E9B3 /* Views */,
				996D877119F508830049E9B3 /* Images.xcassets */,
				996D876819F508830049E9B3 /* Supporting Files */,
			);
			path = SwiftCamera;
			sourceTree = "<group>";
		};
		996D876819F508830049E9B3 /* Supporting Files */ = {
			isa = PBXGroup;
			children = (
				996D876919F508830049E9B3 /* Info.plist */,
			);
			name = "Supporting Files";
			sourceTree = "<group>";
		};
		996D877D19F508830049E9B3 /* SwiftCameraTests */ = {
			isa = PBXGroup;
			children = (
				996D878019F508830049E9B3 /* SwiftCameraTests.swift */,
				996D877E19F508830049E9B3 /* Supporting Files */,
			);
			path = SwiftCameraTests;
			sourceTree = "<group>";
		};
		996D877E19F508830049E9B3 /* Supporting Files */ = {
			isa = PBXGroup;
			children = (
				996D877F19F508830049E9B3 /* Info.plist */,
			);
			name = "Supporting Files";
			sourceTree = "<group>";
		};
		996D878A19F5088A0049E9B3 /* Controller */ = {
			isa = PBXGroup;
			children = (
				996D876C19F508830049E9B3 /* ViewController.swift */,
			);
			name = Controller;
			sourceTree = "<group>";
		};
		996D878B19F508950049E9B3 /* Views */ = {
			isa = PBXGroup;
			children = (
				996D877319F508830049E9B3 /* LaunchScreen.xib */,
				996D876E19F508830049E9B3 /* Main.storyboard */,
			);
			name = Views;
			sourceTree = "<group>";
		};
		996D879419F508EF0049E9B3 /* PlayGround */ = {
			isa = PBXGroup;
			children = (
				996D879719F509A00049E9B3 /* MyPlayground.playground */,
			);
			name = PlayGround;
			sourceTree = "<group>";
		};
/* End PBXGroup section */

/* Begin PBXNativeTarget section */
		996D876419F508830049E9B3 /* SwiftCamera */ = {
			isa = PBXNativeTarget;
			buildConfigurationList = 996D878419F508830049E9B3 /* Build configuration list for PBXNativeTarget "SwiftCamera" */;
			buildPhases = (
				996D876119F508830049E9B3 /* Sources */,
				996D876219F508830049E9B3 /* Frameworks */,
				996D876319F508830049E9B3 /* Resources */,
			);
			buildRules = (
			);
			dependencies = (
			);
			name = SwiftCamera;
			productName = SwiftCamera;
			productReference = 996D876519F508830049E9B3 /* SwiftCamera.app */;
			productType = "com.apple.product-type.application";
		};
		996D877919F508830049E9B3 /* SwiftCameraTests */ = {
			isa = PBXNativeTarget;
			buildConfigurationList = 996D878719F508830049E9B3 /* Build configuration list for PBXNativeTarget "SwiftCameraTests" */;
			buildPhases = (
				996D877619F508830049E9B3 /* Sources */,
				996D877719F508830049E9B3 /* Frameworks */,
				996D877819F508830049E9B3 /* Resources */,
			);
			buildRules = (
			);
			dependencies = (
				996D877C19F508830049E9B3 /* PBXTargetDependency */,
			);
			name = SwiftCameraTests;
			productName = SwiftCameraTests;
			productReference = 996D877A19F508830049E9B3 /* SwiftCameraTests.xctest */;
			productType = "com.apple.product-type.bundle.unit-test";
		};
/* End PBXNativeTarget section */

/* Begin PBXProject section */
		996D875D19F508830049E9B3 /* Project object */ = {
			isa = PBXProject;
			attributes = {
				LastUpgradeCheck = 0600;
				ORGANIZATIONNAME = "Diego Freniche Brito";
				TargetAttributes = {
					996D876419F508830049E9B3 = {
						CreatedOnToolsVersion = 6.0.1;
					};
					996D877919F508830049E9B3 = {
						CreatedOnToolsVersion = 6.0.1;
						TestTargetID = 996D876419F508830049E9B3;
					};
				};
			};
			buildConfigurationList = 996D876019F508830049E9B3 /* Build configuration list for PBXProject "SwiftCamera" */;
			compatibilityVersion = "Xcode 3.2";
			developmentRegion = English;
			hasScannedForEncodings = 0;
			knownRegions = (
				en,
				Base,
			);
			mainGroup = 996D875C19F508830049E9B3;
			productRefGroup = 996D876619F508830049E9B3 /* Products */;
			projectDirPath = "";
			projectRoot = "";
			targets = (
				996D876419F508830049E9B3 /* SwiftCamera */,
				996D877919F508830049E9B3 /* SwiftCameraTests */,
			);
		};
/* End PBXProject section */

/* Begin PBXResourcesBuildPhase section */
		996D876319F508830049E9B3 /* Resources */ = {
			isa = PBXResourcesBuildPhase;
			buildActionMask = 2147483647;
			files = (
				996D877019F508830049E9B3 /* Main.storyboard in Resources */,
				996D877519F508830049E9B3 /* LaunchScreen.xib in Resources */,
				996D877219F508830049E9B3 /* Images.xcassets in Resources */,
			);
			runOnlyForDeploymentPostprocessing = 0;
		};
		996D877819F508830049E9B3 /* Resources */ = {
			isa = PBXResourcesBuildPhase;
			buildActionMask = 2147483647;
			files = (
			);
			runOnlyForDeploymentPostprocessing = 0;
		};
/* End PBXResourcesBuildPhase section */

/* Begin PBXSourcesBuildPhase section */
		996D876119F508830049E9B3 /* Sources */ = {
			isa = PBXSourcesBuildPhase;
			buildActionMask = 2147483647;
			files = (
				996D879219F508DE0049E9B3 /* README.md in Sources */,
				996D876D19F508830049E9B3 /* ViewController.swift in Sources */,
				996D876B19F508830049E9B3 /* AppDelegate.swift in Sources */,
			);
			runOnlyForDeploymentPostprocessing = 0;
		};
		996D877619F508830049E9B3 /* Sources */ = {
			isa = PBXSourcesBuildPhase;
			buildActionMask = 2147483647;
			files = (
				996D878119F508830049E9B3 /* SwiftCameraTests.swift in Sources */,
			);
			runOnlyForDeploymentPostprocessing = 0;
		};
/* End PBXSourcesBuildPhase section */

/* Begin PBXTargetDependency section */
		996D877C19F508830049E9B3 /* PBXTargetDependency */ = {
			isa = PBXTargetDependency;
			target = 996D876419F508830049E9B3 /* SwiftCamera */;
			targetProxy = 996D877B19F508830049E9B3 /* PBXContainerItemProxy */;
		};
/* End PBXTargetDependency section */

/* Begin PBXVariantGroup section */
		996D876E19F508830049E9B3 /* Main.storyboard */ = {
			isa = PBXVariantGroup;
			children = (
				996D876F19F508830049E9B3 /* Base */,
			);
			name = Main.storyboard;
			sourceTree = "<group>";
		};
		996D877319F508830049E9B3 /* LaunchScreen.xib */ = {
			isa = PBXVariantGroup;
			children = (
				996D877419F508830049E9B3 /* Base */,
			);
			name = LaunchScreen.xib;
			sourceTree = "<group>";
		};
/* End PBXVariantGroup section */

/* Begin XCBuildConfiguration section */
		996D878219F508830049E9B3 /* Debug */ = {
			isa = XCBuildConfiguration;
			buildSettings = {
				ALWAYS_SEARCH_USER_PATHS = NO;
				CLANG_CXX_LANGUAGE_STANDARD = "gnu++0x";
				CLANG_CXX_LIBRARY = "libc++";
				CLANG_ENABLE_MODULES = YES;
				CLANG_ENABLE_OBJC_ARC = YES;
				CLANG_WARN_BOOL_CONVERSION = YES;
				CLANG_WARN_CONSTANT_CONVERSION = YES;
				CLANG_WARN_DIRECT_OBJC_ISA_USAGE = YES_ERROR;
				CLANG_WARN_EMPTY_BODY = YES;
				CLANG_WARN_ENUM_CONVERSION = YES;
				CLANG_WARN_INT_CONVERSION = YES;
				CLANG_WARN_OBJC_ROOT_CLASS = YES_ERROR;
				CLANG_WARN_UNREACHABLE_CODE = YES;
				CLANG_WARN__DUPLICATE_METHOD_MATCH = YES;
				"CODE_SIGN_IDENTITY[sdk=iphoneos*]" = "iPhone Developer";
				COPY_PHASE_STRIP = NO;
				ENABLE_STRICT_OBJC_MSGSEND = YES;
				GCC_C_LANGUAGE_STANDARD = gnu99;
				GCC_DYNAMIC_NO_PIC = NO;
				GCC_OPTIMIZATION_LEVEL = 0;
				GCC_PREPROCESSOR_DEFINITIONS = (
					"DEBUG=1",
					"$(inherited)",
				);
				GCC_SYMBOLS_PRIVATE_EXTERN = NO;
				GCC_WARN_64_TO_32_BIT_CONVERSION = YES;
				GCC_WARN_ABOUT_RETURN_TYPE = YES_ERROR;
				GCC_WARN_UNDECLARED_SELECTOR = YES;
				GCC_WARN_UNINITIALIZED_AUTOS = YES_AGGRESSIVE;
				GCC_WARN_UNUSED_FUNCTION = YES;
				GCC_WARN_UNUSED_VARIABLE = YES;
				IPHONEOS_DEPLOYMENT_TARGET = 8.0;
				MTL_ENABLE_DEBUG_INFO = YES;
				ONLY_ACTIVE_ARCH = YES;
				SDKROOT = iphoneos;
				SWIFT_OPTIMIZATION_LEVEL = "-Onone";
			};
			name = Debug;
		};
		996D878319F508830049E9B3 /* Release */ = {
			isa = XCBuildConfiguration;
			buildSettings = {
				ALWAYS_SEARCH_USER_PATHS = NO;
				CLANG_CXX_LANGUAGE_STANDARD = "gnu++0x";
				CLANG_CXX_LIBRARY = "libc++";
				CLANG_ENABLE_MODULES = YES;
				CLANG_ENABLE_OBJC_ARC = YES;
				CLANG_WARN_BOOL_CONVERSION = YES;
				CLANG_WARN_CONSTANT_CONVERSION = YES;
				CLANG_WARN_DIRECT_OBJC_ISA_USAGE = YES_ERROR;
				CLANG_WARN_EMPTY_BODY = YES;
				CLANG_WARN_ENUM_CONVERSION = YES;
				CLANG_WARN_INT_CONVERSION = YES;
				CLANG_WARN_OBJC_ROOT_CLASS = YES_ERROR;
				CLANG_WARN_UNREACHABLE_CODE = YES;
				CLANG_WARN__DUPLICATE_METHOD_MATCH = YES;
				"CODE_SIGN_IDENTITY[sdk=iphoneos*]" = "iPhone Developer";
				COPY_PHASE_STRIP = YES;
				ENABLE_NS_ASSERTIONS = NO;
				ENABLE_STRICT_OBJC_MSGSEND = YES;
				GCC_C_LANGUAGE_STANDARD = gnu99;
				GCC_WARN_64_TO_32_BIT_CONVERSION = YES;
				GCC_WARN_ABOUT_RETURN_TYPE = YES_ERROR;
				GCC_WARN_UNDECLARED_SELECTOR = YES;
				GCC_WARN_UNINITIALIZED_AUTOS = YES_AGGRESSIVE;
				GCC_WARN_UNUSED_FUNCTION = YES;
				GCC_WARN_UNUSED_VARIABLE = YES;
				IPHONEOS_DEPLOYMENT_TARGET = 8.0;
				MTL_ENABLE_DEBUG_INFO = NO;
				SDKROOT = iphoneos;
				VALIDATE_PRODUCT = YES;
			};
			name = Release;
		};
		996D878519F508830049E9B3 /* Debug */ = {
			isa = XCBuildConfiguration;
			buildSettings = {
				ASSETCATALOG_COMPILER_APPICON_NAME = AppIcon;
				INFOPLIST_FILE = SwiftCamera/Info.plist;
				LD_RUNPATH_SEARCH_PATHS = "$(inherited) @executable_path/Frameworks";
				PRODUCT_NAME = "$(TARGET_NAME)";
			};
			name = Debug;
		};
		996D878619F508830049E9B3 /* Release */ = {
			isa = XCBuildConfiguration;
			buildSettings = {
				ASSETCATALOG_COMPILER_APPICON_NAME = AppIcon;
				INFOPLIST_FILE = SwiftCamera/Info.plist;
				LD_RUNPATH_SEARCH_PATHS = "$(inherited) @executable_path/Frameworks";
				PRODUCT_NAME = "$(TARGET_NAME)";
			};
			name = Release;
		};
		996D878819F508830049E9B3 /* Debug */ = {
			isa = XCBuildConfiguration;
			buildSettings = {
				BUNDLE_LOADER = "$(TEST_HOST)";
				FRAMEWORK_SEARCH_PATHS = (
					"$(SDKROOT)/Developer/Library/Frameworks",
					"$(inherited)",
				);
				GCC_PREPROCESSOR_DEFINITIONS = (
					"DEBUG=1",
					"$(inherited)",
				);
				INFOPLIST_FILE = SwiftCameraTests/Info.plist;
				LD_RUNPATH_SEARCH_PATHS = "$(inherited) @executable_path/Frameworks @loader_path/Frameworks";
				PRODUCT_NAME = "$(TARGET_NAME)";
				TEST_HOST = "$(BUILT_PRODUCTS_DIR)/SwiftCamera.app/SwiftCamera";
			};
			name = Debug;
		};
		996D878919F508830049E9B3 /* Release */ = {
			isa = XCBuildConfiguration;
			buildSettings = {
				BUNDLE_LOADER = "$(TEST_HOST)";
				FRAMEWORK_SEARCH_PATHS = (
					"$(SDKROOT)/Developer/Library/Frameworks",
					"$(inherited)",
				);
				INFOPLIST_FILE = SwiftCameraTests/Info.plist;
				LD_RUNPATH_SEARCH_PATHS = "$(inherited) @executable_path/Frameworks @loader_path/Frameworks";
				PRODUCT_NAME = "$(TARGET_NAME)";
				TEST_HOST = "$(BUILT_PRODUCTS_DIR)/SwiftCamera.app/SwiftCamera";
			};
			name = Release;
		};
/* End XCBuildConfiguration section */

/* Begin XCConfigurationList section */
		996D876019F508830049E9B3 /* Build configuration list for PBXProject "SwiftCamera" */ = {
			isa = XCConfigurationList;
			buildConfigurations = (
				996D878219F508830049E9B3 /* Debug */,
				996D878319F508830049E9B3 /* Release */,
			);
			defaultConfigurationIsVisible = 0;
			defaultConfigurationName = Release;
		};
		996D878419F508830049E9B3 /* Build configuration list for PBXNativeTarget "SwiftCamera" */ = {
			isa = XCConfigurationList;
			buildConfigurations = (
				996D878519F508830049E9B3 /* Debug */,
				996D878619F508830049E9B3 /* Release */,
			);
			defaultConfigurationIsVisible = 0;
		};
		996D878719F508830049E9B3 /* Build configuration list for PBXNativeTarget "SwiftCameraTests" */ = {
			isa = XCConfigurationList;
			buildConfigurations = (
				996D878819F508830049E9B3 /* Debug */,
				996D878919F508830049E9B3 /* Release */,
			);
			defaultConfigurationIsVisible = 0;
		};
/* End XCConfigurationList section */
	};
	rootObject = 996D875D19F508830049E9B3 /* Project object */;
}
